# This file was autogenerated by Stack.
# You should not edit this file by hand.
# For more information, please see the documentation at:
#   https://docs.haskellstack.org/en/stable/topics/lock_files

packages:
- completed:
    hackage: vector-sized-1.6.1@sha256:f5e8aae4c831fdaec1844bd5f83a06711161dbf69b98bafd7179d43486cad724,1611
    pantry-tree:
      sha256: dc2975d9e606145d81e1dcd2841379a025f202e68a2d48d4ae967b7e3ddcbf08
      size: 1250
  original:
    hackage: vector-sized-1.6.1@sha256:f5e8aae4c831fdaec1844bd5f83a06711161dbf69b98bafd7179d43486cad724,1611
- completed:
    hackage: vector-algorithms-0.9.1.0@sha256:ccb940a004509aa908a16fa6b9b9f4e409e8a660fb5dd4c88274c8df16b1ffbf,3719
    pantry-tree:
      sha256: e3d026808ef11cb4279738582cbe8c4fb733a7f943f22f04858c775f14ba26b6
      size: 1510
  original:
    hackage: vector-algorithms-0.9.1.0@sha256:ccb940a004509aa908a16fa6b9b9f4e409e8a660fb5dd4c88274c8df16b1ffbf,3719
- completed:
    hackage: vector-0.13.2.0@sha256:9ac338c8da52d8a37db08434ca4480fef2cea4f9aac240f4f994bb467f5275b4,8804
    pantry-tree:
      sha256: 9bc1265c2469283d87c2ebffeac07fc923fe4a1e99c1cf31fd1890afb002f8a9
      size: 4478
  original:
    hackage: vector-0.13.2.0@sha256:9ac338c8da52d8a37db08434ca4480fef2cea4f9aac240f4f994bb467f5275b4,8804
snapshots:
- completed:
    sha256: 72cdd5851794184138551f43f0897c28f1a5acdda303b266aa9e910461103b3c
    size: 726784
    url: https://raw.githubusercontent.com/commercialhaskell/stackage-snapshots/master/lts/24/28.yaml
  original: lts-24.28
